
Microsoft Visual Studio Solution File, Format Version 12.00
Project("{FAE04EC0-301F-11D3-BF4B-00C04F79EFBC}") = "Plain", "Plain\Plain.csproj", "{2FCA405C-2BC4-43FF-AC9A-A7D1E980F732}"
EndProject
Project("{FAE04EC0-301F-11D3-BF4B-00C04F79EFBC}") = "GitHubOAuth", "GitHubOAuth\GitHubOAuth.csproj", "{C1E1F03C-81B2-441C-9955-6DE8CF720454}"
EndProject
Project("{FAE04EC0-301F-11D3-BF4B-00C04F79EFBC}") = "Jwt", "Jwt\Jwt.csproj", "{EFD9D747-6C28-4499-BEF3-40630D5D1D7F}"
EndProject
Global
	GlobalSection(SolutionConfigurationPlatforms) = preSolution
		Debug|Any CPU = Debug|Any CPU
		Release|Any CPU = Release|Any CPU
	EndGlobalSection
	GlobalSection(ProjectConfigurationPlatforms) = postSolution
		{2FCA405C-2BC4-43FF-AC9A-A7D1E980F732}.Debug|Any CPU.ActiveCfg = Debug|Any CPU
		{2FCA405C-2BC4-43FF-AC9A-A7D1E980F732}.Debug|Any CPU.Build.0 = Debug|Any CPU
		{2FCA405C-2BC4-43FF-AC9A-A7D1E980F732}.Release|Any CPU.ActiveCfg = Release|Any CPU
		{2FCA405C-2BC4-43FF-AC9A-A7D1E980F732}.Release|Any CPU.Build.0 = Release|Any CPU
		{C1E1F03C-81B2-441C-9955-6DE8CF720454}.Debug|Any CPU.ActiveCfg = Debug|Any CPU
		{C1E1F03C-81B2-441C-9955-6DE8CF720454}.Debug|Any CPU.Build.0 = Debug|Any CPU
		{C1E1F03C-81B2-441C-9955-6DE8CF720454}.Release|Any CPU.ActiveCfg = Release|Any CPU
		{C1E1F03C-81B2-441C-9955-6DE8CF720454}.Release|Any CPU.Build.0 = Release|Any CPU
		{EFD9D747-6C28-4499-BEF3-40630D5D1D7F}.Debug|Any CPU.ActiveCfg = Debug|Any CPU
		{EFD9D747-6C28-4499-BEF3-40630D5D1D7F}.Debug|Any CPU.Build.0 = Debug|Any CPU
		{EFD9D747-6C28-4499-BEF3-40630D5D1D7F}.Release|Any CPU.ActiveCfg = Release|Any CPU
		{EFD9D747-6C28-4499-BEF3-40630D5D1D7F}.Release|Any CPU.Build.0 = Release|Any CPU
	EndGlobalSection
EndGlobal
